
Microsoft Visual Studio Solution File, Format Version 12.00
# Visual Studio Version 16
VisualStudioVersion = 16.0.31624.102
MinimumVisualStudioVersion = 10.0.40219.1
Project("{FAE04EC0-301F-11D3-BF4B-00C04F79EFBC}") = "Febris.MobileCompanionV3.Android", "Febris.MobileCompanionV3.Android\Febris.MobileCompanionV3.Android.csproj", "{60CDD22F-8B3E-499D-9737-33CDBA324651}"
	ProjectSection(ProjectDependencies) = postProject
		{EB50EA0C-D51B-49BB-B9D3-FC2062DA86AE} = {EB50EA0C-D51B-49BB-B9D3-FC2062DA86AE}
	EndProjectSection
EndProject
Project("{9A19103F-16F7-4668-BE54-9A1E7A4F7556}") = "Febris.MobileCompanionV3", "Febris.MobileCompanionV3\Febris.MobileCompanionV3.csproj", "{589AC70F-CE51-4E27-932D-7E7BB88687BD}"
EndProject
Project("{9A19103F-16F7-4668-BE54-9A1E7A4F7556}") = "Febris.SharedMobileLibrary", "..\FebrisMobileServer\Febris.SharedMobileLibrary\Febris.SharedMobileLibrary.csproj", "{EB50EA0C-D51B-49BB-B9D3-FC2062DA86AE}"
EndProject
Global
	GlobalSection(SolutionConfigurationPlatforms) = preSolution
		Debug|Any CPU = Debug|Any CPU
		Debug|iPhone = Debug|iPhone
		Debug|iPhoneSimulator = Debug|iPhoneSimulator
		Release|Any CPU = Release|Any CPU
		Release|iPhone = Release|iPhone
		Release|iPhoneSimulator = Release|iPhoneSimulator
	EndGlobalSection
	GlobalSection(ProjectConfigurationPlatforms) = postSolution
		{60CDD22F-8B3E-499D-9737-33CDBA324651}.Debug|Any CPU.ActiveCfg = Debug|Any CPU
		{60CDD22F-8B3E-499D-9737-33CDBA324651}.Debug|Any CPU.Build.0 = Debug|Any CPU
		{60CDD22F-8B3E-499D-9737-33CDBA324651}.Debug|Any CPU.Deploy.0 = Debug|Any CPU
		{60CDD22F-8B3E-499D-9737-33CDBA324651}.Debug|iPhone.ActiveCfg = Debug|Any CPU
		{60CDD22F-8B3E-499D-9737-33CDBA324651}.Debug|iPhone.Build.0 = Debug|Any CPU
		{60CDD22F-8B3E-499D-9737-33CDBA324651}.Debug|iPhone.Deploy.0 = Debug|Any CPU
		{60CDD22F-8B3E-499D-9737-33CDBA324651}.Debug|iPhoneSimulator.ActiveCfg = Debug|Any CPU
		{60CDD22F-8B3E-499D-9737-33CDBA324651}.Debug|iPhoneSimulator.Build.0 = Debug|Any CPU
		{60CDD22F-8B3E-499D-9737-33CDBA324651}.Debug|iPhoneSimulator.Deploy.0 = Debug|Any CPU
		{60CDD22F-8B3E-499D-9737-33CDBA324651}.Release|Any CPU.ActiveCfg = Release|Any CPU
		{60CDD22F-8B3E-499D-9737-33CDBA324651}.Release|Any CPU.Build.0 = Release|Any CPU
		{60CDD22F-8B3E-499D-9737-33CDBA324651}.Release|Any CPU.Deploy.0 = Release|Any CPU
		{60CDD22F-8B3E-499D-9737-33CDBA324651}.Release|iPhone.ActiveCfg = Release|Any CPU
		{60CDD22F-8B3E-499D-9737-33CDBA324651}.Release|iPhone.Build.0 = Release|Any CPU
		{60CDD22F-8B3E-499D-9737-33CDBA324651}.Release|iPhone.Deploy.0 = Release|Any CPU
		{60CDD22F-8B3E-499D-9737-33CDBA324651}.Release|iPhoneSimulator.ActiveCfg = Release|Any CPU
		{60CDD22F-8B3E-499D-9737-33CDBA324651}.Release|iPhoneSimulator.Build.0 = Release|Any CPU
		{60CDD22F-8B3E-499D-9737-33CDBA324651}.Release|iPhoneSimulator.Deploy.0 = Release|Any CPU
		{589AC70F-CE51-4E27-932D-7E7BB88687BD}.Debug|Any CPU.ActiveCfg = Debug|Any CPU
		{589AC70F-CE51-4E27-932D-7E7BB88687BD}.Debug|Any CPU.Build.0 = Debug|Any CPU
		{589AC70F-CE51-4E27-932D-7E7BB88687BD}.Debug|Any CPU.Deploy.0 = Debug|Any CPU
		{589AC70F-CE51-4E27-932D-7E7BB88687BD}.Debug|iPhone.ActiveCfg = Debug|Any CPU
		{589AC70F-CE51-4E27-932D-7E7BB88687BD}.Debug|iPhone.Build.0 = Debug|Any CPU
		{589AC70F-CE51-4E27-932D-7E7BB88687BD}.Debug|iPhone.Deploy.0 = Debug|Any CPU
		{589AC70F-CE51-4E27-932D-7E7BB88687BD}.Debug|iPhoneSimulator.ActiveCfg = Debug|Any CPU
		{589AC70F-CE51-4E27-932D-7E7BB88687BD}.Debug|iPhoneSimulator.Build.0 = Debug|Any CPU
		{589AC70F-CE51-4E27-932D-7E7BB88687BD}.Debug|iPhoneSimulator.Deploy.0 = Debug|Any CPU
		{589AC70F-CE51-4E27-932D-7E7BB88687BD}.Release|Any CPU.ActiveCfg = Release|Any CPU
		{589AC70F-CE51-4E27-932D-7E7BB88687BD}.Release|Any CPU.Build.0 = Release|Any CPU
		{589AC70F-CE51-4E27-932D-7E7BB88687BD}.Release|Any CPU.Deploy.0 = Release|Any CPU
		{589AC70F-CE51-4E27-932D-7E7BB88687BD}.Release|iPhone.ActiveCfg = Release|Any CPU
		{589AC70F-CE51-4E27-932D-7E7BB88687BD}.Release|iPhone.Build.0 = Release|Any CPU
		{589AC70F-CE51-4E27-932D-7E7BB88687BD}.Release|iPhone.Deploy.0 = Release|Any CPU
		{589AC70F-CE51-4E27-932D-7E7BB88687BD}.Release|iPhoneSimulator.ActiveCfg = Release|Any CPU
		{589AC70F-CE51-4E27-932D-7E7BB88687BD}.Release|iPhoneSimulator.Build.0 = Release|Any CPU
		{589AC70F-CE51-4E27-932D-7E7BB88687BD}.Release|iPhoneSimulator.Deploy.0 = Release|Any CPU
		{EB50EA0C-D51B-49BB-B9D3-FC2062DA86AE}.Debug|Any CPU.ActiveCfg = Debug|Any CPU
		{EB50EA0C-D51B-49BB-B9D3-FC2062DA86AE}.Debug|Any CPU.Build.0 = Debug|Any CPU
		{EB50EA0C-D51B-49BB-B9D3-FC2062DA86AE}.Debug|iPhone.ActiveCfg = Debug|Any CPU
		{EB50EA0C-D51B-49BB-B9D3-FC2062DA86AE}.Debug|iPhone.Build.0 = Debug|Any CPU
		{EB50EA0C-D51B-49BB-B9D3-FC2062DA86AE}.Debug|iPhoneSimulator.ActiveCfg = Debug|Any CPU
		{EB50EA0C-D51B-49BB-B9D3-FC2062DA86AE}.Debug|iPhoneSimulator.Build.0 = Debug|Any CPU
		{EB50EA0C-D51B-49BB-B9D3-FC2062DA86AE}.Release|Any CPU.ActiveCfg = Release|Any CPU
		{EB50EA0C-D51B-49BB-B9D3-FC2062DA86AE}.Release|Any CPU.Build.0 = Release|Any CPU
		{EB50EA0C-D51B-49BB-B9D3-FC2062DA86AE}.Release|iPhone.ActiveCfg = Release|Any CPU
		{EB50EA0C-D51B-49BB-B9D3-FC2062DA86AE}.Release|iPhone.Build.0 = Release|Any CPU
		{EB50EA0C-D51B-49BB-B9D3-FC2062DA86AE}.Release|iPhoneSimulator.ActiveCfg = Release|Any CPU
		{EB50EA0C-D51B-49BB-B9D3-FC2062DA86AE}.Release|iPhoneSimulator.Build.0 = Release|Any CPU
	EndGlobalSection
	GlobalSection(SolutionProperties) = preSolution
		HideSolutionNode = FALSE
	EndGlobalSection
	GlobalSection(ExtensibilityGlobals) = postSolution
		SolutionGuid = {905E7CEA-D547-4660-8699-ACFB9706034C}
		VisualSVNWorkingCopyRoot = .
	EndGlobalSection
EndGlobal
