
Microsoft Visual Studio Solution File, Format Version 12.00
# Visual Studio Version 16
VisualStudioVersion = 16.0.31624.102
MinimumVisualStudioVersion = 10.0.40219.1
Project("{FAE04EC0-301F-11D3-BF4B-00C04F79EFBC}") = "Febris.MobileServerV3.Android", "Febris.MobileServerV3.Android\Febris.MobileServerV3.Android.csproj", "{AB256351-1698-4EC2-AFC9-AF95632A0626}"
EndProject
Project("{9A19103F-16F7-4668-BE54-9A1E7A4F7556}") = "Febris.MobileServerV3", "Febris.MobileServerV3\Febris.MobileServerV3.csproj", "{BA156A1E-BA6E-4B88-A496-B075978572AB}"
EndProject
Project("{9A19103F-16F7-4668-BE54-9A1E7A4F7556}") = "Febris.SharedMobileLibrary", "Febris.SharedMobileLibrary\Febris.SharedMobileLibrary.csproj", "{4A17FCB7-D0CC-48BA-BE4F-54BBAE4FFFC8}"
EndProject
Project("{9A19103F-16F7-4668-BE54-9A1E7A4F7556}") = "Febris.AdbLibrary", "..\FebrisAdbLibrary\Febris.AdbLibrary.csproj", "{4F04127D-6574-48DD-9C48-11EE3B2ABC83}"
EndProject
Global
	GlobalSection(SolutionConfigurationPlatforms) = preSolution
		Debug|Any CPU = Debug|Any CPU
		Debug|iPhone = Debug|iPhone
		Debug|iPhoneSimulator = Debug|iPhoneSimulator
		NotStaging|Any CPU = NotStaging|Any CPU
		NotStaging|iPhone = NotStaging|iPhone
		NotStaging|iPhoneSimulator = NotStaging|iPhoneSimulator
		Release|Any CPU = Release|Any CPU
		Release|iPhone = Release|iPhone
		Release|iPhoneSimulator = Release|iPhoneSimulator
		Staging|Any CPU = Staging|Any CPU
		Staging|iPhone = Staging|iPhone
		Staging|iPhoneSimulator = Staging|iPhoneSimulator
	EndGlobalSection
	GlobalSection(ProjectConfigurationPlatforms) = postSolution
		{AB256351-1698-4EC2-AFC9-AF95632A0626}.Debug|Any CPU.ActiveCfg = Debug|Any CPU
		{AB256351-1698-4EC2-AFC9-AF95632A0626}.Debug|Any CPU.Build.0 = Debug|Any CPU
		{AB256351-1698-4EC2-AFC9-AF95632A0626}.Debug|Any CPU.Deploy.0 = Debug|Any CPU
		{AB256351-1698-4EC2-AFC9-AF95632A0626}.Debug|iPhone.ActiveCfg = Debug|Any CPU
		{AB256351-1698-4EC2-AFC9-AF95632A0626}.Debug|iPhone.Build.0 = Debug|Any CPU
		{AB256351-1698-4EC2-AFC9-AF95632A0626}.Debug|iPhone.Deploy.0 = Debug|Any CPU
		{AB256351-1698-4EC2-AFC9-AF95632A0626}.Debug|iPhoneSimulator.ActiveCfg = Debug|Any CPU
		{AB256351-1698-4EC2-AFC9-AF95632A0626}.Debug|iPhoneSimulator.Build.0 = Debug|Any CPU
		{AB256351-1698-4EC2-AFC9-AF95632A0626}.Debug|iPhoneSimulator.Deploy.0 = Debug|Any CPU
		{AB256351-1698-4EC2-AFC9-AF95632A0626}.NotStaging|Any CPU.ActiveCfg = Debug|Any CPU
		{AB256351-1698-4EC2-AFC9-AF95632A0626}.NotStaging|Any CPU.Build.0 = Debug|Any CPU
		{AB256351-1698-4EC2-AFC9-AF95632A0626}.NotStaging|Any CPU.Deploy.0 = Debug|Any CPU
		{AB256351-1698-4EC2-AFC9-AF95632A0626}.NotStaging|iPhone.ActiveCfg = Debug|Any CPU
		{AB256351-1698-4EC2-AFC9-AF95632A0626}.NotStaging|iPhone.Build.0 = Debug|Any CPU
		{AB256351-1698-4EC2-AFC9-AF95632A0626}.NotStaging|iPhone.Deploy.0 = Debug|Any CPU
		{AB256351-1698-4EC2-AFC9-AF95632A0626}.NotStaging|iPhoneSimulator.ActiveCfg = Debug|Any CPU
		{AB256351-1698-4EC2-AFC9-AF95632A0626}.NotStaging|iPhoneSimulator.Build.0 = Debug|Any CPU
		{AB256351-1698-4EC2-AFC9-AF95632A0626}.NotStaging|iPhoneSimulator.Deploy.0 = Debug|Any CPU
		{AB256351-1698-4EC2-AFC9-AF95632A0626}.Release|Any CPU.ActiveCfg = Release|Any CPU
		{AB256351-1698-4EC2-AFC9-AF95632A0626}.Release|Any CPU.Build.0 = Release|Any CPU
		{AB256351-1698-4EC2-AFC9-AF95632A0626}.Release|Any CPU.Deploy.0 = Release|Any CPU
		{AB256351-1698-4EC2-AFC9-AF95632A0626}.Release|iPhone.ActiveCfg = Release|Any CPU
		{AB256351-1698-4EC2-AFC9-AF95632A0626}.Release|iPhone.Build.0 = Release|Any CPU
		{AB256351-1698-4EC2-AFC9-AF95632A0626}.Release|iPhone.Deploy.0 = Release|Any CPU
		{AB256351-1698-4EC2-AFC9-AF95632A0626}.Release|iPhoneSimulator.ActiveCfg = Release|Any CPU
		{AB256351-1698-4EC2-AFC9-AF95632A0626}.Release|iPhoneSimulator.Build.0 = Release|Any CPU
		{AB256351-1698-4EC2-AFC9-AF95632A0626}.Release|iPhoneSimulator.Deploy.0 = Release|Any CPU
		{AB256351-1698-4EC2-AFC9-AF95632A0626}.Staging|Any CPU.ActiveCfg = Debug|Any CPU
		{AB256351-1698-4EC2-AFC9-AF95632A0626}.Staging|Any CPU.Build.0 = Debug|Any CPU
		{AB256351-1698-4EC2-AFC9-AF95632A0626}.Staging|Any CPU.Deploy.0 = Debug|Any CPU
		{AB256351-1698-4EC2-AFC9-AF95632A0626}.Staging|iPhone.ActiveCfg = Debug|Any CPU
		{AB256351-1698-4EC2-AFC9-AF95632A0626}.Staging|iPhone.Build.0 = Debug|Any CPU
		{AB256351-1698-4EC2-AFC9-AF95632A0626}.Staging|iPhone.Deploy.0 = Debug|Any CPU
		{AB256351-1698-4EC2-AFC9-AF95632A0626}.Staging|iPhoneSimulator.ActiveCfg = Debug|Any CPU
		{AB256351-1698-4EC2-AFC9-AF95632A0626}.Staging|iPhoneSimulator.Build.0 = Debug|Any CPU
		{AB256351-1698-4EC2-AFC9-AF95632A0626}.Staging|iPhoneSimulator.Deploy.0 = Debug|Any CPU
		{BA156A1E-BA6E-4B88-A496-B075978572AB}.Debug|Any CPU.ActiveCfg = Debug|Any CPU
		{BA156A1E-BA6E-4B88-A496-B075978572AB}.Debug|Any CPU.Build.0 = Debug|Any CPU
		{BA156A1E-BA6E-4B88-A496-B075978572AB}.Debug|Any CPU.Deploy.0 = Debug|Any CPU
		{BA156A1E-BA6E-4B88-A496-B075978572AB}.Debug|iPhone.ActiveCfg = Debug|Any CPU
		{BA156A1E-BA6E-4B88-A496-B075978572AB}.Debug|iPhone.Build.0 = Debug|Any CPU
		{BA156A1E-BA6E-4B88-A496-B075978572AB}.Debug|iPhone.Deploy.0 = Debug|Any CPU
		{BA156A1E-BA6E-4B88-A496-B075978572AB}.Debug|iPhoneSimulator.ActiveCfg = Debug|Any CPU
		{BA156A1E-BA6E-4B88-A496-B075978572AB}.Debug|iPhoneSimulator.Build.0 = Debug|Any CPU
		{BA156A1E-BA6E-4B88-A496-B075978572AB}.Debug|iPhoneSimulator.Deploy.0 = Debug|Any CPU
		{BA156A1E-BA6E-4B88-A496-B075978572AB}.NotStaging|Any CPU.ActiveCfg = Debug|Any CPU
		{BA156A1E-BA6E-4B88-A496-B075978572AB}.NotStaging|Any CPU.Build.0 = Debug|Any CPU
		{BA156A1E-BA6E-4B88-A496-B075978572AB}.NotStaging|iPhone.ActiveCfg = Debug|Any CPU
		{BA156A1E-BA6E-4B88-A496-B075978572AB}.NotStaging|iPhone.Build.0 = Debug|Any CPU
		{BA156A1E-BA6E-4B88-A496-B075978572AB}.NotStaging|iPhoneSimulator.ActiveCfg = Debug|Any CPU
		{BA156A1E-BA6E-4B88-A496-B075978572AB}.NotStaging|iPhoneSimulator.Build.0 = Debug|Any CPU
		{BA156A1E-BA6E-4B88-A496-B075978572AB}.Release|Any CPU.ActiveCfg = Release|Any CPU
		{BA156A1E-BA6E-4B88-A496-B075978572AB}.Release|Any CPU.Build.0 = Release|Any CPU
		{BA156A1E-BA6E-4B88-A496-B075978572AB}.Release|Any CPU.Deploy.0 = Release|Any CPU
		{BA156A1E-BA6E-4B88-A496-B075978572AB}.Release|iPhone.ActiveCfg = Release|Any CPU
		{BA156A1E-BA6E-4B88-A496-B075978572AB}.Release|iPhone.Build.0 = Release|Any CPU
		{BA156A1E-BA6E-4B88-A496-B075978572AB}.Release|iPhone.Deploy.0 = Release|Any CPU
		{BA156A1E-BA6E-4B88-A496-B075978572AB}.Release|iPhoneSimulator.ActiveCfg = Release|Any CPU
		{BA156A1E-BA6E-4B88-A496-B075978572AB}.Release|iPhoneSimulator.Build.0 = Release|Any CPU
		{BA156A1E-BA6E-4B88-A496-B075978572AB}.Release|iPhoneSimulator.Deploy.0 = Release|Any CPU
		{BA156A1E-BA6E-4B88-A496-B075978572AB}.Staging|Any CPU.ActiveCfg = Debug|Any CPU
		{BA156A1E-BA6E-4B88-A496-B075978572AB}.Staging|Any CPU.Build.0 = Debug|Any CPU
		{BA156A1E-BA6E-4B88-A496-B075978572AB}.Staging|iPhone.ActiveCfg = Debug|Any CPU
		{BA156A1E-BA6E-4B88-A496-B075978572AB}.Staging|iPhone.Build.0 = Debug|Any CPU
		{BA156A1E-BA6E-4B88-A496-B075978572AB}.Staging|iPhoneSimulator.ActiveCfg = Debug|Any CPU
		{BA156A1E-BA6E-4B88-A496-B075978572AB}.Staging|iPhoneSimulator.Build.0 = Debug|Any CPU
		{4A17FCB7-D0CC-48BA-BE4F-54BBAE4FFFC8}.Debug|Any CPU.ActiveCfg = Debug|Any CPU
		{4A17FCB7-D0CC-48BA-BE4F-54BBAE4FFFC8}.Debug|Any CPU.Build.0 = Debug|Any CPU
		{4A17FCB7-D0CC-48BA-BE4F-54BBAE4FFFC8}.Debug|iPhone.ActiveCfg = Debug|Any CPU
		{4A17FCB7-D0CC-48BA-BE4F-54BBAE4FFFC8}.Debug|iPhone.Build.0 = Debug|Any CPU
		{4A17FCB7-D0CC-48BA-BE4F-54BBAE4FFFC8}.Debug|iPhoneSimulator.ActiveCfg = Debug|Any CPU
		{4A17FCB7-D0CC-48BA-BE4F-54BBAE4FFFC8}.Debug|iPhoneSimulator.Build.0 = Debug|Any CPU
		{4A17FCB7-D0CC-48BA-BE4F-54BBAE4FFFC8}.NotStaging|Any CPU.ActiveCfg = Debug|Any CPU
		{4A17FCB7-D0CC-48BA-BE4F-54BBAE4FFFC8}.NotStaging|Any CPU.Build.0 = Debug|Any CPU
		{4A17FCB7-D0CC-48BA-BE4F-54BBAE4FFFC8}.NotStaging|iPhone.ActiveCfg = Debug|Any CPU
		{4A17FCB7-D0CC-48BA-BE4F-54BBAE4FFFC8}.NotStaging|iPhone.Build.0 = Debug|Any CPU
		{4A17FCB7-D0CC-48BA-BE4F-54BBAE4FFFC8}.NotStaging|iPhoneSimulator.ActiveCfg = Debug|Any CPU
		{4A17FCB7-D0CC-48BA-BE4F-54BBAE4FFFC8}.NotStaging|iPhoneSimulator.Build.0 = Debug|Any CPU
		{4A17FCB7-D0CC-48BA-BE4F-54BBAE4FFFC8}.Release|Any CPU.ActiveCfg = Release|Any CPU
		{4A17FCB7-D0CC-48BA-BE4F-54BBAE4FFFC8}.Release|Any CPU.Build.0 = Release|Any CPU
		{4A17FCB7-D0CC-48BA-BE4F-54BBAE4FFFC8}.Release|iPhone.ActiveCfg = Release|Any CPU
		{4A17FCB7-D0CC-48BA-BE4F-54BBAE4FFFC8}.Release|iPhone.Build.0 = Release|Any CPU
		{4A17FCB7-D0CC-48BA-BE4F-54BBAE4FFFC8}.Release|iPhoneSimulator.ActiveCfg = Release|Any CPU
		{4A17FCB7-D0CC-48BA-BE4F-54BBAE4FFFC8}.Release|iPhoneSimulator.Build.0 = Release|Any CPU
		{4A17FCB7-D0CC-48BA-BE4F-54BBAE4FFFC8}.Staging|Any CPU.ActiveCfg = Debug|Any CPU
		{4A17FCB7-D0CC-48BA-BE4F-54BBAE4FFFC8}.Staging|Any CPU.Build.0 = Debug|Any CPU
		{4A17FCB7-D0CC-48BA-BE4F-54BBAE4FFFC8}.Staging|iPhone.ActiveCfg = Debug|Any CPU
		{4A17FCB7-D0CC-48BA-BE4F-54BBAE4FFFC8}.Staging|iPhone.Build.0 = Debug|Any CPU
		{4A17FCB7-D0CC-48BA-BE4F-54BBAE4FFFC8}.Staging|iPhoneSimulator.ActiveCfg = Debug|Any CPU
		{4A17FCB7-D0CC-48BA-BE4F-54BBAE4FFFC8}.Staging|iPhoneSimulator.Build.0 = Debug|Any CPU
		{4F04127D-6574-48DD-9C48-11EE3B2ABC83}.Debug|Any CPU.ActiveCfg = Debug|Any CPU
		{4F04127D-6574-48DD-9C48-11EE3B2ABC83}.Debug|Any CPU.Build.0 = Debug|Any CPU
		{4F04127D-6574-48DD-9C48-11EE3B2ABC83}.Debug|iPhone.ActiveCfg = Debug|Any CPU
		{4F04127D-6574-48DD-9C48-11EE3B2ABC83}.Debug|iPhone.Build.0 = Debug|Any CPU
		{4F04127D-6574-48DD-9C48-11EE3B2ABC83}.Debug|iPhoneSimulator.ActiveCfg = Debug|Any CPU
		{4F04127D-6574-48DD-9C48-11EE3B2ABC83}.Debug|iPhoneSimulator.Build.0 = Debug|Any CPU
		{4F04127D-6574-48DD-9C48-11EE3B2ABC83}.NotStaging|Any CPU.ActiveCfg = Debug|Any CPU
		{4F04127D-6574-48DD-9C48-11EE3B2ABC83}.NotStaging|Any CPU.Build.0 = Debug|Any CPU
		{4F04127D-6574-48DD-9C48-11EE3B2ABC83}.NotStaging|iPhone.ActiveCfg = Debug|Any CPU
		{4F04127D-6574-48DD-9C48-11EE3B2ABC83}.NotStaging|iPhone.Build.0 = Debug|Any CPU
		{4F04127D-6574-48DD-9C48-11EE3B2ABC83}.NotStaging|iPhoneSimulator.ActiveCfg = Debug|Any CPU
		{4F04127D-6574-48DD-9C48-11EE3B2ABC83}.NotStaging|iPhoneSimulator.Build.0 = Debug|Any CPU
		{4F04127D-6574-48DD-9C48-11EE3B2ABC83}.Release|Any CPU.ActiveCfg = Release|Any CPU
		{4F04127D-6574-48DD-9C48-11EE3B2ABC83}.Release|Any CPU.Build.0 = Release|Any CPU
		{4F04127D-6574-48DD-9C48-11EE3B2ABC83}.Release|iPhone.ActiveCfg = Release|Any CPU
		{4F04127D-6574-48DD-9C48-11EE3B2ABC83}.Release|iPhone.Build.0 = Release|Any CPU
		{4F04127D-6574-48DD-9C48-11EE3B2ABC83}.Release|iPhoneSimulator.ActiveCfg = Release|Any CPU
		{4F04127D-6574-48DD-9C48-11EE3B2ABC83}.Release|iPhoneSimulator.Build.0 = Release|Any CPU
		{4F04127D-6574-48DD-9C48-11EE3B2ABC83}.Staging|Any CPU.ActiveCfg = Debug|Any CPU
		{4F04127D-6574-48DD-9C48-11EE3B2ABC83}.Staging|Any CPU.Build.0 = Debug|Any CPU
		{4F04127D-6574-48DD-9C48-11EE3B2ABC83}.Staging|iPhone.ActiveCfg = Debug|Any CPU
		{4F04127D-6574-48DD-9C48-11EE3B2ABC83}.Staging|iPhone.Build.0 = Debug|Any CPU
		{4F04127D-6574-48DD-9C48-11EE3B2ABC83}.Staging|iPhoneSimulator.ActiveCfg = Debug|Any CPU
		{4F04127D-6574-48DD-9C48-11EE3B2ABC83}.Staging|iPhoneSimulator.Build.0 = Debug|Any CPU
	EndGlobalSection
	GlobalSection(SolutionProperties) = preSolution
		HideSolutionNode = FALSE
	EndGlobalSection
	GlobalSection(ExtensibilityGlobals) = postSolution
		VisualSVNWorkingCopyRoot = .
		SolutionGuid = {6DC30C84-DBA0-42F5-9690-BBE07731BA4A}
	EndGlobalSection
EndGlobal
